
Microsoft Visual Studio Solution File, Format Version 12.00
# Visual Studio Version 16
VisualStudioVersion = 16.0.29102.190
MinimumVisualStudioVersion = 10.0.40219.1
Project("{FAE04EC0-301F-11D3-BF4B-00C04F79EFBC}") = "Audio File", "Audio File.csproj", "{F1EF0D7B-0448-4CA6-B901-55592197B33C}"
EndProject
Global
	GlobalSection(SolutionConfigurationPlatforms) = preSolution
		Debug|Any CPU = Debug|Any CPU
		Release|Any CPU = Release|Any CPU
	EndGlobalSection
	GlobalSection(ProjectConfigurationPlatforms) = postSolution
		{F1EF0D7B-0448-4CA6-B901-55592197B33C}.Debug|Any CPU.ActiveCfg = Debug|Any CPU
		{F1EF0D7B-0448-4CA6-B901-55592197B33C}.Debug|Any CPU.Build.0 = Debug|Any CPU
		{F1EF0D7B-0448-4CA6-B901-55592197B33C}.Release|Any CPU.ActiveCfg = Release|Any CPU
		{F1EF0D7B-0448-4CA6-B901-55592197B33C}.Release|Any CPU.Build.0 = Release|Any CPU
	EndGlobalSection
	GlobalSection(SolutionProperties) = preSolution
		HideSolutionNode = FALSE
	EndGlobalSection
	GlobalSection(ExtensibilityGlobals) = postSolution
		SolutionGuid = {700BDB0A-7F20-404E-BD13-D5710106DF86}
	EndGlobalSection
EndGlobal
